
Microsoft Visual Studio Solution File, Format Version 12.00
# Visual Studio Version 17
VisualStudioVersion = 17.10.35027.167
MinimumVisualStudioVersion = 10.0.40219.1
Project("{FAE04EC0-301F-11D3-BF4B-00C04F79EFBC}") = "jth", "jth.csproj", "{CC96F5A9-FE61-47A3-BFCE-21AAD1963618}"
EndProject
Global
	GlobalSection(SolutionConfigurationPlatforms) = preSolution
		Debug|Any CPU = Debug|Any CPU
		Release|Any CPU = Release|Any CPU
	EndGlobalSection
	GlobalSection(ProjectConfigurationPlatforms) = postSolution
		{CC96F5A9-FE61-47A3-BFCE-21AAD1963618}.Debug|Any CPU.ActiveCfg = Debug|Any CPU
		{CC96F5A9-FE61-47A3-BFCE-21AAD1963618}.Debug|Any CPU.Build.0 = Debug|Any CPU
		{CC96F5A9-FE61-47A3-BFCE-21AAD1963618}.Release|Any CPU.ActiveCfg = Release|Any CPU
		{CC96F5A9-FE61-47A3-BFCE-21AAD1963618}.Release|Any CPU.Build.0 = Release|Any CPU
	EndGlobalSection
	GlobalSection(SolutionProperties) = preSolution
		HideSolutionNode = FALSE
	EndGlobalSection
	GlobalSection(ExtensibilityGlobals) = postSolution
		SolutionGuid = {8C8036A2-13A9-44EC-976F-E22918FD2ECA}
	EndGlobalSection
EndGlobal
